github.com/mattn/go-colorable v0.1.10 h1:KWqbp83oZ6YOEgIbNW3BM1Jbe2tz4jgmWA9FOuAF8bw=
github.com/mattn/go-colorable v0.1.10/go.mod h1:u6P/XSegPjTcexA+o6vUJrdnUu04hMope9wVRipJSqc=
github.com/mattn/go-isatty v0.0.12/go.mod h1:cbi8OIDigv2wuxKPP5vlRcQ1OAZbq2CE4Kysco4FUpU=
github.com/mattn/go-isatty v0.0.14 h1:yVuAays6BHfxijgZPzw+3Zlu5yQgKGP2/hcQbHb7S9Y=
github.com/mattn/go-isatty v0.0.14/go.mod h1:7GGIvUiUoEMVVmxf/4nioHXj79iQHKdU27kJ6hsGG94=
github.com/payfazz/go-errors/v2 v2.0.14 h1:0+RAYyYgGylVW5LFBi47Ax4tVcaTE0l5EId76OKOhas=
github.com/payfazz/go-errors/v2 v2.0.14/go.mod h1:KBBzNZFQ5is9ms1M64V5NUAG6AuD4ASAh/pcOdm/Iw8=
github.com/payfazz/go-middleware v1.0.3 h1:27B3TWQz4rrz5BCHMEdJ0NkbJoJdhjpbsceOTmLdnjc=
github.com/payfazz/go-middleware v1.0.3/go.mod h1:VHT6HpiKVueRIZnpoznu3kVzGzag9D58/dEapMHVzb0=
github.com/payfazz/go-router v1.0.2 h1:BP86eY6VJ3jTxYWDfebrLhokGsCn6EXQ4AmHDqrjyoY=
github.com/payfazz/go-router v1.0.2/go.mod h1:iaAhE8egl0TTzH0PSFegU58lRojyqRMb6MmbUTTV1FI=
github.com/payfazz/httpchain v1.1.0 h1:XPCu+pnqrGsBb9vOEg0UyB11sHWnV89aMRMueymoQOc=
github.com/payfazz/httpchain v1.1.0/go.mod h1:HowfuwgTYOAqGxkiFFnGn5qRyJaRK+lHiX78zL0cLfU=
golang.org/x/sys v0.0.0-20200116001909-b77594299b42/go.mod h1:h1NjWce9XRLGQEsW7wpKNCjG9DtNlClVuFLEZdDNbEs=
golang.org/x/sys v0.0.0-20200223170610-d5e6a3e2c0ae/go.mod h1:h1NjWce9XRLGQEsW7wpKNCjG9DtNlClVuFLEZdDNbEs=
golang.org/x/sys v0.0.0-20210630005230-0f9fa26af87c/go.mod h1:oPkhp1MJrh7nUepCBck5+mAzfO9JrbApNNgaTdGDITg=
golang.org/x/sys v0.0.0-20210927094055-39ccf1dd6fa6 h1:foEbQz/B0Oz6YIqu/69kfXPYeFQAuuMYFkjaqXzl5Wo=
golang.org/x/sys v0.0.0-20210927094055-39ccf1dd6fa6/go.mod h1:oPkhp1MJrh7nUepCBck5+mAzfO9JrbApNNgaTdGDITg=
