github.com/mattn/go-colorable v0.1.8 h1:c1ghPdyEDarC70ftn0y+A/Ee++9zz8ljHG1b13eJ0s8=
github.com/mattn/go-colorable v0.1.8/go.mod h1:u6P/XSegPjTcexA+o6vUJrdnUu04hMope9wVRipJSqc=
github.com/mattn/go-isatty v0.0.12/go.mod h1:cbi8OIDigv2wuxKPP5vlRcQ1OAZbq2CE4Kysco4FUpU=
github.com/mattn/go-isatty v0.0.14 h1:yVuAays6BHfxijgZPzw+3Zlu5yQgKGP2/hcQbHb7S9Y=
github.com/mattn/go-isatty v0.0.14/go.mod h1:7GGIvUiUoEMVVmxf/4nioHXj79iQHKdU27kJ6hsGG94=
github.com/payfazz/go-errors/v2 v2.0.14 h1:0+RAYyYgGylVW5LFBi47Ax4tVcaTE0l5EId76OKOhas=
github.com/payfazz/go-errors/v2 v2.0.14/go.mod h1:KBBzNZFQ5is9ms1M64V5NUAG6AuD4ASAh/pcOdm/Iw8=
github.com/payfazz/go-middleware v1.0.1 h1:haHb771pE/GuoWottc22cn9vEHHQBZ5L25XahXYEwmg=
github.com/payfazz/go-middleware v1.0.1/go.mod h1:xyWSsooSjm78Hy1Cl9dQ08xfw4eZE2/xs+srZKQReDk=
github.com/payfazz/go-router v1.0.1 h1:qd8E2AOVA928da5EVgmE4PhtXaC+IIUVLdTiDAL6cZg=
github.com/payfazz/go-router v1.0.1/go.mod h1:3lIJoG/gCuObZpqHs2u1AkxSsCFlUsyhlWMCqlztj90=
github.com/payfazz/httpchain v1.0.3 h1:bODino5H+0WUpytedepZF2zOPKo0SLgkUxS8pc6Jddg=
github.com/payfazz/httpchain v1.0.3/go.mod h1:HowfuwgTYOAqGxkiFFnGn5qRyJaRK+lHiX78zL0cLfU=
golang.org/x/sys v0.0.0-20200116001909-b77594299b42/go.mod h1:h1NjWce9XRLGQEsW7wpKNCjG9DtNlClVuFLEZdDNbEs=
golang.org/x/sys v0.0.0-20200223170610-d5e6a3e2c0ae/go.mod h1:h1NjWce9XRLGQEsW7wpKNCjG9DtNlClVuFLEZdDNbEs=
golang.org/x/sys v0.0.0-20210630005230-0f9fa26af87c/go.mod h1:oPkhp1MJrh7nUepCBck5+mAzfO9JrbApNNgaTdGDITg=
golang.org/x/sys v0.0.0-20210917161153-d61c044b1678 h1:J27LZFQBFoihqXoegpscI10HpjZ7B5WQLLKL2FZXQKw=
golang.org/x/sys v0.0.0-20210917161153-d61c044b1678/go.mod h1:oPkhp1MJrh7nUepCBck5+mAzfO9JrbApNNgaTdGDITg=
